
Microsoft Visual Studio Solution File, Format Version 12.00
Project("{FAE04EC0-301F-11D3-BF4B-00C04F79EFBC}") = "SkySticker", "SkySticker\SkySticker.csproj", "{1AEA6BFC-7EDF-4326-8AB6-3BDBC4B7F1B0}"
EndProject
Global
	GlobalSection(SolutionConfigurationPlatforms) = preSolution
		Debug|Any CPU = Debug|Any CPU
		Release|Any CPU = Release|Any CPU
	EndGlobalSection
	GlobalSection(ProjectConfigurationPlatforms) = postSolution
		{1AEA6BFC-7EDF-4326-8AB6-3BDBC4B7F1B0}.Debug|Any CPU.ActiveCfg = Debug|Any CPU
		{1AEA6BFC-7EDF-4326-8AB6-3BDBC4B7F1B0}.Debug|Any CPU.Build.0 = Debug|Any CPU
		{1AEA6BFC-7EDF-4326-8AB6-3BDBC4B7F1B0}.Release|Any CPU.ActiveCfg = Release|Any CPU
		{1AEA6BFC-7EDF-4326-8AB6-3BDBC4B7F1B0}.Release|Any CPU.Build.0 = Release|Any CPU
	EndGlobalSection
EndGlobal
